
Microsoft Visual Studio Solution File, Format Version 12.00
# Visual Studio Version 16
VisualStudioVersion = 16.0.31005.135
MinimumVisualStudioVersion = 10.0.40219.1
Project("{FAE04EC0-301F-11D3-BF4B-00C04F79EFBC}") = "FFx", "FFxCheat\FFx.csproj", "{CE097A01-23AB-47C3-A1D9-C8DF12A144D4}"
EndProject
Project("{FAE04EC0-301F-11D3-BF4B-00C04F79EFBC}") = "Engine", "CoreEngine\Engine.csproj", "{5D3D760E-BDEA-4045-BB76-E851D42549EA}"
EndProject
Global
	GlobalSection(SolutionConfigurationPlatforms) = preSolution
		Debug|Any CPU = Debug|Any CPU
		Release|Any CPU = Release|Any CPU
	EndGlobalSection
	GlobalSection(ProjectConfigurationPlatforms) = postSolution
		{CE097A01-23AB-47C3-A1D9-C8DF12A144D4}.Debug|Any CPU.ActiveCfg = Debug|Any CPU
		{CE097A01-23AB-47C3-A1D9-C8DF12A144D4}.Debug|Any CPU.Build.0 = Debug|Any CPU
		{CE097A01-23AB-47C3-A1D9-C8DF12A144D4}.Release|Any CPU.ActiveCfg = Release|Any CPU
		{CE097A01-23AB-47C3-A1D9-C8DF12A144D4}.Release|Any CPU.Build.0 = Release|Any CPU
		{5D3D760E-BDEA-4045-BB76-E851D42549EA}.Debug|Any CPU.ActiveCfg = Debug|Any CPU
		{5D3D760E-BDEA-4045-BB76-E851D42549EA}.Debug|Any CPU.Build.0 = Debug|Any CPU
		{5D3D760E-BDEA-4045-BB76-E851D42549EA}.Release|Any CPU.ActiveCfg = Release|Any CPU
		{5D3D760E-BDEA-4045-BB76-E851D42549EA}.Release|Any CPU.Build.0 = Release|Any CPU
	EndGlobalSection
	GlobalSection(SolutionProperties) = preSolution
		HideSolutionNode = FALSE
	EndGlobalSection
	GlobalSection(ExtensibilityGlobals) = postSolution
		SolutionGuid = {5CE09044-3175-4FB5-9AFC-F6E1C71441F4}
	EndGlobalSection
EndGlobal
